# generated by rye
# use `rye lock` or `rye sync` to update this lockfile
#
# last locked with the following flags:
#   pre: false
#   features: []
#   all-features: false
#   with-sources: false

-e file:.
annotated-types==0.6.0
    # via pydantic
anyio==4.2.0
    # via starlette
coverage==7.4.1
    # via pytest-cov
fastapi==0.109.2
    # via todo-discord
idna==3.6
    # via anyio
iniconfig==2.0.0
    # via pytest
packaging==23.2
    # via pytest
pluggy==1.4.0
    # via pytest
pydantic==2.6.1
    # via fastapi
pydantic-core==2.16.2
    # via pydantic
pytest==8.0.1
    # via pytest-cov
    # via pytest-mock
    # via todo-discord
pytest-cov==4.1.0
    # via todo-discord
pytest-mock==3.12.0
    # via todo-discord
ruff==0.2.2
    # via todo-discord
sniffio==1.3.0
    # via anyio
starlette==0.36.3
    # via fastapi
typing-extensions==4.9.0
    # via fastapi
    # via pydantic
    # via pydantic-core
